
Microsoft Visual Studio Solution File, Format Version 12.00
# Visual Studio 2015
Project("{FAE04EC0-301F-11D3-BF4B-00C04F79EFBC}") = "Perception_Neuron_in_Unity.CSharp.Plugins", "Perception_Neuron_in_Unity.CSharp.Plugins.csproj", "{434F6838-BF00-1FC0-599D-0C593D96ED36}"
EndProject
Project("{FAE04EC0-301F-11D3-BF4B-00C04F79EFBC}") = "Perception_Neuron_in_Unity.CSharp", "Perception_Neuron_in_Unity.CSharp.csproj", "{3C4E4D4C-327D-BA20-C946-F166031689E0}"
EndProject
Project("{FAE04EC0-301F-11D3-BF4B-00C04F79EFBC}") = "Perception_Neuron_in_Unity.CSharp.Editor", "Perception_Neuron_in_Unity.CSharp.Editor.csproj", "{149515FB-D3AA-7597-0A79-D57EAFDA2E18}"
EndProject
Global
	GlobalSection(SolutionConfigurationPlatforms) = preSolution
		Debug|Any CPU = Debug|Any CPU
		Release|Any CPU = Release|Any CPU
	EndGlobalSection
	GlobalSection(ProjectConfigurationPlatforms) = postSolution
		{434F6838-BF00-1FC0-599D-0C593D96ED36}.Debug|Any CPU.ActiveCfg = Debug|Any CPU
		{434F6838-BF00-1FC0-599D-0C593D96ED36}.Debug|Any CPU.Build.0 = Debug|Any CPU
		{434F6838-BF00-1FC0-599D-0C593D96ED36}.Release|Any CPU.ActiveCfg = Release|Any CPU
		{434F6838-BF00-1FC0-599D-0C593D96ED36}.Release|Any CPU.Build.0 = Release|Any CPU
		{3C4E4D4C-327D-BA20-C946-F166031689E0}.Debug|Any CPU.ActiveCfg = Debug|Any CPU
		{3C4E4D4C-327D-BA20-C946-F166031689E0}.Debug|Any CPU.Build.0 = Debug|Any CPU
		{3C4E4D4C-327D-BA20-C946-F166031689E0}.Release|Any CPU.ActiveCfg = Release|Any CPU
		{3C4E4D4C-327D-BA20-C946-F166031689E0}.Release|Any CPU.Build.0 = Release|Any CPU
		{149515FB-D3AA-7597-0A79-D57EAFDA2E18}.Debug|Any CPU.ActiveCfg = Debug|Any CPU
		{149515FB-D3AA-7597-0A79-D57EAFDA2E18}.Debug|Any CPU.Build.0 = Debug|Any CPU
		{149515FB-D3AA-7597-0A79-D57EAFDA2E18}.Release|Any CPU.ActiveCfg = Release|Any CPU
		{149515FB-D3AA-7597-0A79-D57EAFDA2E18}.Release|Any CPU.Build.0 = Release|Any CPU
	EndGlobalSection
	GlobalSection(SolutionProperties) = preSolution
		HideSolutionNode = FALSE
	EndGlobalSection
EndGlobal
